// !$*UTF8*$!
{
	archiveVersion = 1;
	classes = {
	};
	objectVersion = 56;
	objects = {

/* Begin PBXBuildFile section */
		D82D8FE829A6C3D20030ED13 /* AppDelegate.swift in Sources */ = {isa = PBXBuildFile; fileRef = D82D8FE729A6C3D20030ED13 /* AppDelegate.swift */; };
		D82D8FEA29A6C3D20030ED13 /* SceneDelegate.swift in Sources */ = {isa = PBXBuildFile; fileRef = D82D8FE929A6C3D20030ED13 /* SceneDelegate.swift */; };
		D82D8FEC29A6C3D20030ED13 /* MainViewController.swift in Sources */ = {isa = PBXBuildFile; fileRef = D82D8FEB29A6C3D20030ED13 /* MainViewController.swift */; };
		D82D8FF129A6C3D30030ED13 /* Assets.xcassets in Resources */ = {isa = PBXBuildFile; fileRef = D82D8FF029A6C3D30030ED13 /* Assets.xcassets */; };
		D82D8FF429A6C3D30030ED13 /* LaunchScreen.storyboard in Resources */ = {isa = PBXBuildFile; fileRef = D82D8FF229A6C3D30030ED13 /* LaunchScreen.storyboard */; };
		D82D900229A6C6130030ED13 /* UIColor + Extensions.swift in Sources */ = {isa = PBXBuildFile; fileRef = D82D900129A6C6130030ED13 /* UIColor + Extensions.swift */; };
		D82D900629A6C75A0030ED13 /* Roboto-Bold.ttf in Resources */ = {isa = PBXBuildFile; fileRef = D82D900429A6C75A0030ED13 /* Roboto-Bold.ttf */; };
		D82D900729A6C75A0030ED13 /* Roboto-Medium.ttf in Resources */ = {isa = PBXBuildFile; fileRef = D82D900529A6C75A0030ED13 /* Roboto-Medium.ttf */; };
		D82D900929A6C7CC0030ED13 /* Fonts + Extension.swift in Sources */ = {isa = PBXBuildFile; fileRef = D82D900829A6C7CC0030ED13 /* Fonts + Extension.swift */; };
		D82D900B29A6C8F40030ED13 /* UIStackView + Extension.swift in Sources */ = {isa = PBXBuildFile; fileRef = D82D900A29A6C8F40030ED13 /* UIStackView + Extension.swift */; };
		D8D3959329A777A4008F8B23 /* JsonStruct.swift in Sources */ = {isa = PBXBuildFile; fileRef = D8D3959229A777A4008F8B23 /* JsonStruct.swift */; };
		D8D3959529A7794D008F8B23 /* NetworkService.swift in Sources */ = {isa = PBXBuildFile; fileRef = D8D3959429A7794D008F8B23 /* NetworkService.swift */; };
		D8D3959729A77F07008F8B23 /* DataManager.swift in Sources */ = {isa = PBXBuildFile; fileRef = D8D3959629A77F07008F8B23 /* DataManager.swift */; };
		D8D3959929A7872E008F8B23 /* CoinModel.swift in Sources */ = {isa = PBXBuildFile; fileRef = D8D3959829A7872E008F8B23 /* CoinModel.swift */; };
/* End PBXBuildFile section */

/* Begin PBXFileReference section */
		D82D8FE429A6C3D20030ED13 /* MyCrypto_Project.app */ = {isa = PBXFileReference; explicitFileType = wrapper.application; includeInIndex = 0; path = MyCrypto_Project.app; sourceTree = BUILT_PRODUCTS_DIR; };
		D82D8FE729A6C3D20030ED13 /* AppDelegate.swift */ = {isa = PBXFileReference; lastKnownFileType = sourcecode.swift; path = AppDelegate.swift; sourceTree = "<group>"; };
		D82D8FE929A6C3D20030ED13 /* SceneDelegate.swift */ = {isa = PBXFileReference; lastKnownFileType = sourcecode.swift; path = SceneDelegate.swift; sourceTree = "<group>"; };
		D82D8FEB29A6C3D20030ED13 /* MainViewController.swift */ = {isa = PBXFileReference; lastKnownFileType = sourcecode.swift; path = MainViewController.swift; sourceTree = "<group>"; };
		D82D8FF029A6C3D30030ED13 /* Assets.xcassets */ = {isa = PBXFileReference; lastKnownFileType = folder.assetcatalog; path = Assets.xcassets; sourceTree = "<group>"; };
		D82D8FF329A6C3D30030ED13 /* Base */ = {isa = PBXFileReference; lastKnownFileType = file.storyboard; name = Base; path = Base.lproj/LaunchScreen.storyboard; sourceTree = "<group>"; };
		D82D8FF529A6C3D30030ED13 /* Info.plist */ = {isa = PBXFileReference; lastKnownFileType = text.plist.xml; path = Info.plist; sourceTree = "<group>"; };
		D82D900129A6C6130030ED13 /* UIColor + Extensions.swift */ = {isa = PBXFileReference; lastKnownFileType = sourcecode.swift; path = "UIColor + Extensions.swift"; sourceTree = "<group>"; };
		D82D900429A6C75A0030ED13 /* Roboto-Bold.ttf */ = {isa = PBXFileReference; lastKnownFileType = file; path = "Roboto-Bold.ttf"; sourceTree = "<group>"; };
		D82D900529A6C75A0030ED13 /* Roboto-Medium.ttf */ = {isa = PBXFileReference; lastKnownFileType = file; path = "Roboto-Medium.ttf"; sourceTree = "<group>"; };
		D82D900829A6C7CC0030ED13 /* Fonts + Extension.swift */ = {isa = PBXFileReference; lastKnownFileType = sourcecode.swift; path = "Fonts + Extension.swift"; sourceTree = "<group>"; };
		D82D900A29A6C8F40030ED13 /* UIStackView + Extension.swift */ = {isa = PBXFileReference; lastKnownFileType = sourcecode.swift; path = "UIStackView + Extension.swift"; sourceTree = "<group>"; };
		D8D3959229A777A4008F8B23 /* JsonStruct.swift */ = {isa = PBXFileReference; lastKnownFileType = sourcecode.swift; path = JsonStruct.swift; sourceTree = "<group>"; };
		D8D3959429A7794D008F8B23 /* NetworkService.swift */ = {isa = PBXFileReference; lastKnownFileType = sourcecode.swift; path = NetworkService.swift; sourceTree = "<group>"; };
		D8D3959629A77F07008F8B23 /* DataManager.swift */ = {isa = PBXFileReference; lastKnownFileType = sourcecode.swift; path = DataManager.swift; sourceTree = "<group>"; };
		D8D3959829A7872E008F8B23 /* CoinModel.swift */ = {isa = PBXFileReference; lastKnownFileType = sourcecode.swift; path = CoinModel.swift; sourceTree = "<group>"; };
/* End PBXFileReference section */

/* Begin PBXFrameworksBuildPhase section */
		D82D8FE129A6C3D20030ED13 /* Frameworks */ = {
			isa = PBXFrameworksBuildPhase;
			buildActionMask = 2147483647;
			files = (
			);
			runOnlyForDeploymentPostprocessing = 0;
		};
/* End PBXFrameworksBuildPhase section */

/* Begin PBXGroup section */
		D82D8FDB29A6C3D20030ED13 = {
			isa = PBXGroup;
			children = (
				D82D8FE629A6C3D20030ED13 /* MyCrypto_Project */,
				D82D8FE529A6C3D20030ED13 /* Products */,
			);
			sourceTree = "<group>";
		};
		D82D8FE529A6C3D20030ED13 /* Products */ = {
			isa = PBXGroup;
			children = (
				D82D8FE429A6C3D20030ED13 /* MyCrypto_Project.app */,
			);
			name = Products;
			sourceTree = "<group>";
		};
		D82D8FE629A6C3D20030ED13 /* MyCrypto_Project */ = {
			isa = PBXGroup;
			children = (
				D82D8FFD29A6C4750030ED13 /* Delegates */,
				D82D8FFE29A6C47E0030ED13 /* Models */,
				D82D8FFC29A6C46C0030ED13 /* VC */,
				D82D8FFF29A6C4950030ED13 /* Networking */,
				D82D900029A6C5EE0030ED13 /* Extensions */,
				D82D8FFB29A6C40C0030ED13 /* Supporting files */,
				D82D900329A6C7410030ED13 /* Fonts */,
			);
			path = MyCrypto_Project;
			sourceTree = "<group>";
		};
		D82D8FFB29A6C40C0030ED13 /* Supporting files */ = {
			isa = PBXGroup;
			children = (
				D82D8FF029A6C3D30030ED13 /* Assets.xcassets */,
				D82D8FF229A6C3D30030ED13 /* LaunchScreen.storyboard */,
				D82D8FF529A6C3D30030ED13 /* Info.plist */,
			);
			path = "Supporting files";
			sourceTree = "<group>";
		};
		D82D8FFC29A6C46C0030ED13 /* VC */ = {
			isa = PBXGroup;
			children = (
				D82D8FEB29A6C3D20030ED13 /* MainViewController.swift */,
			);
			path = VC;
			sourceTree = "<group>";
		};
		D82D8FFD29A6C4750030ED13 /* Delegates */ = {
			isa = PBXGroup;
			children = (
				D82D8FE729A6C3D20030ED13 /* AppDelegate.swift */,
				D82D8FE929A6C3D20030ED13 /* SceneDelegate.swift */,
			);
			path = Delegates;
			sourceTree = "<group>";
		};
		D82D8FFE29A6C47E0030ED13 /* Models */ = {
			isa = PBXGroup;
			children = (
				D8D3959229A777A4008F8B23 /* JsonStruct.swift */,
				D8D3959829A7872E008F8B23 /* CoinModel.swift */,
			);
			path = Models;
			sourceTree = "<group>";
		};
		D82D8FFF29A6C4950030ED13 /* Networking */ = {
			isa = PBXGroup;
			children = (
				D8D3959429A7794D008F8B23 /* NetworkService.swift */,
				D8D3959629A77F07008F8B23 /* DataManager.swift */,
			);
			path = Networking;
			sourceTree = "<group>";
		};
		D82D900029A6C5EE0030ED13 /* Extensions */ = {
			isa = PBXGroup;
			children = (
				D82D900129A6C6130030ED13 /* UIColor + Extensions.swift */,
				D82D900829A6C7CC0030ED13 /* Fonts + Extension.swift */,
				D82D900A29A6C8F40030ED13 /* UIStackView + Extension.swift */,
			);
			path = Extensions;
			sourceTree = "<group>";
		};
		D82D900329A6C7410030ED13 /* Fonts */ = {
			isa = PBXGroup;
			children = (
				D82D900429A6C75A0030ED13 /* Roboto-Bold.ttf */,
				D82D900529A6C75A0030ED13 /* Roboto-Medium.ttf */,
			);
			path = Fonts;
			sourceTree = "<group>";
		};
/* End PBXGroup section */

/* Begin PBXNativeTarget section */
		D82D8FE329A6C3D20030ED13 /* MyCrypto_Project */ = {
			isa = PBXNativeTarget;
			buildConfigurationList = D82D8FF829A6C3D30030ED13 /* Build configuration list for PBXNativeTarget "MyCrypto_Project" */;
			buildPhases = (
				D82D8FE029A6C3D20030ED13 /* Sources */,
				D82D8FE129A6C3D20030ED13 /* Frameworks */,
				D82D8FE229A6C3D20030ED13 /* Resources */,
			);
			buildRules = (
			);
			dependencies = (
			);
			name = MyCrypto_Project;
			productName = MyCrypto_Project;
			productReference = D82D8FE429A6C3D20030ED13 /* MyCrypto_Project.app */;
			productType = "com.apple.product-type.application";
		};
/* End PBXNativeTarget section */

/* Begin PBXProject section */
		D82D8FDC29A6C3D20030ED13 /* Project object */ = {
			isa = PBXProject;
			attributes = {
				BuildIndependentTargetsInParallel = 1;
				LastSwiftUpdateCheck = 1420;
				LastUpgradeCheck = 1420;
				TargetAttributes = {
					D82D8FE329A6C3D20030ED13 = {
						CreatedOnToolsVersion = 14.2;
					};
				};
			};
			buildConfigurationList = D82D8FDF29A6C3D20030ED13 /* Build configuration list for PBXProject "MyCrypto_Project" */;
			compatibilityVersion = "Xcode 14.0";
			developmentRegion = en;
			hasScannedForEncodings = 0;
			knownRegions = (
				en,
				Base,
			);
			mainGroup = D82D8FDB29A6C3D20030ED13;
			productRefGroup = D82D8FE529A6C3D20030ED13 /* Products */;
			projectDirPath = "";
			projectRoot = "";
			targets = (
				D82D8FE329A6C3D20030ED13 /* MyCrypto_Project */,
			);
		};
/* End PBXProject section */

/* Begin PBXResourcesBuildPhase section */
		D82D8FE229A6C3D20030ED13 /* Resources */ = {
			isa = PBXResourcesBuildPhase;
			buildActionMask = 2147483647;
			files = (
				D82D900729A6C75A0030ED13 /* Roboto-Medium.ttf in Resources */,
				D82D8FF429A6C3D30030ED13 /* LaunchScreen.storyboard in Resources */,
				D82D8FF129A6C3D30030ED13 /* Assets.xcassets in Resources */,
				D82D900629A6C75A0030ED13 /* Roboto-Bold.ttf in Resources */,
			);
			runOnlyForDeploymentPostprocessing = 0;
		};
/* End PBXResourcesBuildPhase section */

/* Begin PBXSourcesBuildPhase section */
		D82D8FE029A6C3D20030ED13 /* Sources */ = {
			isa = PBXSourcesBuildPhase;
			buildActionMask = 2147483647;
			files = (
				D8D3959929A7872E008F8B23 /* CoinModel.swift in Sources */,
				D82D8FEC29A6C3D20030ED13 /* MainViewController.swift in Sources */,
				D82D900229A6C6130030ED13 /* UIColor + Extensions.swift in Sources */,
				D8D3959529A7794D008F8B23 /* NetworkService.swift in Sources */,
				D82D8FE829A6C3D20030ED13 /* AppDelegate.swift in Sources */,
				D82D900B29A6C8F40030ED13 /* UIStackView + Extension.swift in Sources */,
				D82D900929A6C7CC0030ED13 /* Fonts + Extension.swift in Sources */,
				D8D3959329A777A4008F8B23 /* JsonStruct.swift in Sources */,
				D8D3959729A77F07008F8B23 /* DataManager.swift in Sources */,
				D82D8FEA29A6C3D20030ED13 /* SceneDelegate.swift in Sources */,
			);
			runOnlyForDeploymentPostprocessing = 0;
		};
/* End PBXSourcesBuildPhase section */

/* Begin PBXVariantGroup section */
		D82D8FF229A6C3D30030ED13 /* LaunchScreen.storyboard */ = {
			isa = PBXVariantGroup;
			children = (
				D82D8FF329A6C3D30030ED13 /* Base */,
			);
			name = LaunchScreen.storyboard;
			sourceTree = "<group>";
		};
/* End PBXVariantGroup section */

/* Begin XCBuildConfiguration section */
		D82D8FF629A6C3D30030ED13 /* Debug */ = {
			isa = XCBuildConfiguration;
			buildSettings = {
				ALWAYS_SEARCH_USER_PATHS = NO;
				CLANG_ANALYZER_NONNULL = YES;
				CLANG_ANALYZER_NUMBER_OBJECT_CONVERSION = YES_AGGRESSIVE;
				CLANG_CXX_LANGUAGE_STANDARD = "gnu++20";
				CLANG_ENABLE_MODULES = YES;
				CLANG_ENABLE_OBJC_ARC = YES;
				CLANG_ENABLE_OBJC_WEAK = YES;
				CLANG_WARN_BLOCK_CAPTURE_AUTORELEASING = YES;
				CLANG_WARN_BOOL_CONVERSION = YES;
				CLANG_WARN_COMMA = YES;
				CLANG_WARN_CONSTANT_CONVERSION = YES;
				CLANG_WARN_DEPRECATED_OBJC_IMPLEMENTATIONS = YES;
				CLANG_WARN_DIRECT_OBJC_ISA_USAGE = YES_ERROR;
				CLANG_WARN_DOCUMENTATION_COMMENTS = YES;
				CLANG_WARN_EMPTY_BODY = YES;
				CLANG_WARN_ENUM_CONVERSION = YES;
				CLANG_WARN_INFINITE_RECURSION = YES;
				CLANG_WARN_INT_CONVERSION = YES;
				CLANG_WARN_NON_LITERAL_NULL_CONVERSION = YES;
				CLANG_WARN_OBJC_IMPLICIT_RETAIN_SELF = YES;
				CLANG_WARN_OBJC_LITERAL_CONVERSION = YES;
				CLANG_WARN_OBJC_ROOT_CLASS = YES_ERROR;
				CLANG_WARN_QUOTED_INCLUDE_IN_FRAMEWORK_HEADER = YES;
				CLANG_WARN_RANGE_LOOP_ANALYSIS = YES;
				CLANG_WARN_STRICT_PROTOTYPES = YES;
				CLANG_WARN_SUSPICIOUS_MOVE = YES;
				CLANG_WARN_UNGUARDED_AVAILABILITY = YES_AGGRESSIVE;
				CLANG_WARN_UNREACHABLE_CODE = YES;
				CLANG_WARN__DUPLICATE_METHOD_MATCH = YES;
				COPY_PHASE_STRIP = NO;
				DEBUG_INFORMATION_FORMAT = dwarf;
				ENABLE_STRICT_OBJC_MSGSEND = YES;
				ENABLE_TESTABILITY = YES;
				GCC_C_LANGUAGE_STANDARD = gnu11;
				GCC_DYNAMIC_NO_PIC = NO;
				GCC_NO_COMMON_BLOCKS = YES;
				GCC_OPTIMIZATION_LEVEL = 0;
				GCC_PREPROCESSOR_DEFINITIONS = (
					"DEBUG=1",
					"$(inherited)",
				);
				GCC_WARN_64_TO_32_BIT_CONVERSION = YES;
				GCC_WARN_ABOUT_RETURN_TYPE = YES_ERROR;
				GCC_WARN_UNDECLARED_SELECTOR = YES;
				GCC_WARN_UNINITIALIZED_AUTOS = YES_AGGRESSIVE;
				GCC_WARN_UNUSED_FUNCTION = YES;
				GCC_WARN_UNUSED_VARIABLE = YES;
				IPHONEOS_DEPLOYMENT_TARGET = 16.2;
				MTL_ENABLE_DEBUG_INFO = INCLUDE_SOURCE;
				MTL_FAST_MATH = YES;
				ONLY_ACTIVE_ARCH = YES;
				SDKROOT = iphoneos;
				SWIFT_ACTIVE_COMPILATION_CONDITIONS = DEBUG;
				SWIFT_OPTIMIZATION_LEVEL = "-Onone";
			};
			name = Debug;
		};
		D82D8FF729A6C3D30030ED13 /* Release */ = {
			isa = XCBuildConfiguration;
			buildSettings = {
				ALWAYS_SEARCH_USER_PATHS = NO;
				CLANG_ANALYZER_NONNULL = YES;
				CLANG_ANALYZER_NUMBER_OBJECT_CONVERSION = YES_AGGRESSIVE;
				CLANG_CXX_LANGUAGE_STANDARD = "gnu++20";
				CLANG_ENABLE_MODULES = YES;
				CLANG_ENABLE_OBJC_ARC = YES;
				CLANG_ENABLE_OBJC_WEAK = YES;
				CLANG_WARN_BLOCK_CAPTURE_AUTORELEASING = YES;
				CLANG_WARN_BOOL_CONVERSION = YES;
				CLANG_WARN_COMMA = YES;
				CLANG_WARN_CONSTANT_CONVERSION = YES;
				CLANG_WARN_DEPRECATED_OBJC_IMPLEMENTATIONS = YES;
				CLANG_WARN_DIRECT_OBJC_ISA_USAGE = YES_ERROR;
				CLANG_WARN_DOCUMENTATION_COMMENTS = YES;
				CLANG_WARN_EMPTY_BODY = YES;
				CLANG_WARN_ENUM_CONVERSION = YES;
				CLANG_WARN_INFINITE_RECURSION = YES;
				CLANG_WARN_INT_CONVERSION = YES;
				CLANG_WARN_NON_LITERAL_NULL_CONVERSION = YES;
				CLANG_WARN_OBJC_IMPLICIT_RETAIN_SELF = YES;
				CLANG_WARN_OBJC_LITERAL_CONVERSION = YES;
				CLANG_WARN_OBJC_ROOT_CLASS = YES_ERROR;
				CLANG_WARN_QUOTED_INCLUDE_IN_FRAMEWORK_HEADER = YES;
				CLANG_WARN_RANGE_LOOP_ANALYSIS = YES;
				CLANG_WARN_STRICT_PROTOTYPES = YES;
				CLANG_WARN_SUSPICIOUS_MOVE = YES;
				CLANG_WARN_UNGUARDED_AVAILABILITY = YES_AGGRESSIVE;
				CLANG_WARN_UNREACHABLE_CODE = YES;
				CLANG_WARN__DUPLICATE_METHOD_MATCH = YES;
				COPY_PHASE_STRIP = NO;
				DEBUG_INFORMATION_FORMAT = "dwarf-with-dsym";
				ENABLE_NS_ASSERTIONS = NO;
				ENABLE_STRICT_OBJC_MSGSEND = YES;
				GCC_C_LANGUAGE_STANDARD = gnu11;
				GCC_NO_COMMON_BLOCKS = YES;
				GCC_WARN_64_TO_32_BIT_CONVERSION = YES;
				GCC_WARN_ABOUT_RETURN_TYPE = YES_ERROR;
				GCC_WARN_UNDECLARED_SELECTOR = YES;
				GCC_WARN_UNINITIALIZED_AUTOS = YES_AGGRESSIVE;
				GCC_WARN_UNUSED_FUNCTION = YES;
				GCC_WARN_UNUSED_VARIABLE = YES;
				IPHONEOS_DEPLOYMENT_TARGET = 16.2;
				MTL_ENABLE_DEBUG_INFO = NO;
				MTL_FAST_MATH = YES;
				SDKROOT = iphoneos;
				SWIFT_COMPILATION_MODE = wholemodule;
				SWIFT_OPTIMIZATION_LEVEL = "-O";
				VALIDATE_PRODUCT = YES;
			};
			name = Release;
		};
		D82D8FF929A6C3D30030ED13 /* Debug */ = {
			isa = XCBuildConfiguration;
			buildSettings = {
				ASSETCATALOG_COMPILER_ALTERNATE_APPICON_NAMES = "";
				ASSETCATALOG_COMPILER_APPICON_NAME = AppIcon;
				ASSETCATALOG_COMPILER_GLOBAL_ACCENT_COLOR_NAME = AccentColor;
				CODE_SIGN_STYLE = Automatic;
				CURRENT_PROJECT_VERSION = 1;
				GENERATE_INFOPLIST_FILE = YES;
				INFOPLIST_FILE = "MyCrypto_Project/Supporting files/Info.plist";
				INFOPLIST_KEY_UIApplicationSupportsIndirectInputEvents = YES;
				INFOPLIST_KEY_UILaunchStoryboardName = LaunchScreen;
				INFOPLIST_KEY_UIMainStoryboardFile = "";
				INFOPLIST_KEY_UISupportedInterfaceOrientations = UIInterfaceOrientationPortrait;
				INFOPLIST_KEY_UISupportedInterfaceOrientations_iPad = "UIInterfaceOrientationLandscapeLeft UIInterfaceOrientationLandscapeRight UIInterfaceOrientationPortrait UIInterfaceOrientationPortraitUpsideDown";
				IPHONEOS_DEPLOYMENT_TARGET = 13.0;
				LD_RUNPATH_SEARCH_PATHS = (
					"$(inherited)",
					"@executable_path/Frameworks",
				);
				MARKETING_VERSION = 1.0;
				PRODUCT_BUNDLE_IDENTIFIER = "kalex.an.MyCrypto-Project";
				PRODUCT_NAME = "$(TARGET_NAME)";
				SUPPORTED_PLATFORMS = "iphoneos iphonesimulator";
				SUPPORTS_MACCATALYST = NO;
				SUPPORTS_MAC_DESIGNED_FOR_IPHONE_IPAD = YES;
				SWIFT_EMIT_LOC_STRINGS = YES;
				SWIFT_VERSION = 5.0;
				TARGETED_DEVICE_FAMILY = 1;
			};
			name = Debug;
		};
		D82D8FFA29A6C3D30030ED13 /* Release */ = {
			isa = XCBuildConfiguration;
			buildSettings = {
				ASSETCATALOG_COMPILER_APPICON_NAME = AppIcon;
				ASSETCATALOG_COMPILER_GLOBAL_ACCENT_COLOR_NAME = AccentColor;
				CODE_SIGN_STYLE = Automatic;
				CURRENT_PROJECT_VERSION = 1;
				GENERATE_INFOPLIST_FILE = YES;
				INFOPLIST_FILE = "MyCrypto_Project/Supporting files/Info.plist";
				INFOPLIST_KEY_UIApplicationSupportsIndirectInputEvents = YES;
				INFOPLIST_KEY_UILaunchStoryboardName = LaunchScreen;
				INFOPLIST_KEY_UIMainStoryboardFile = "";
				INFOPLIST_KEY_UISupportedInterfaceOrientations = UIInterfaceOrientationPortrait;
				INFOPLIST_KEY_UISupportedInterfaceOrientations_iPad = "UIInterfaceOrientationLandscapeLeft UIInterfaceOrientationLandscapeRight UIInterfaceOrientationPortrait UIInterfaceOrientationPortraitUpsideDown";
				IPHONEOS_DEPLOYMENT_TARGET = 13.0;
				LD_RUNPATH_SEARCH_PATHS = (
					"$(inherited)",
					"@executable_path/Frameworks",
				);
				MARKETING_VERSION = 1.0;
				PRODUCT_BUNDLE_IDENTIFIER = "kalex.an.MyCrypto-Project";
				PRODUCT_NAME = "$(TARGET_NAME)";
				SUPPORTED_PLATFORMS = "iphoneos iphonesimulator";
				SUPPORTS_MACCATALYST = NO;
				SUPPORTS_MAC_DESIGNED_FOR_IPHONE_IPAD = YES;
				SWIFT_EMIT_LOC_STRINGS = YES;
				SWIFT_VERSION = 5.0;
				TARGETED_DEVICE_FAMILY = 1;
			};
			name = Release;
		};
/* End XCBuildConfiguration section */

/* Begin XCConfigurationList section */
		D82D8FDF29A6C3D20030ED13 /* Build configuration list for PBXProject "MyCrypto_Project" */ = {
			isa = XCConfigurationList;
			buildConfigurations = (
				D82D8FF629A6C3D30030ED13 /* Debug */,
				D82D8FF729A6C3D30030ED13 /* Release */,
			);
			defaultConfigurationIsVisible = 0;
			defaultConfigurationName = Release;
		};
		D82D8FF829A6C3D30030ED13 /* Build configuration list for PBXNativeTarget "MyCrypto_Project" */ = {
			isa = XCConfigurationList;
			buildConfigurations = (
				D82D8FF929A6C3D30030ED13 /* Debug */,
				D82D8FFA29A6C3D30030ED13 /* Release */,
			);
			defaultConfigurationIsVisible = 0;
			defaultConfigurationName = Release;
		};
/* End XCConfigurationList section */
	};
	rootObject = D82D8FDC29A6C3D20030ED13 /* Project object */;
}
